
Microsoft Visual Studio Solution File, Format Version 12.00
# Visual Studio Version 16
VisualStudioVersion = 16.0.32228.343
MinimumVisualStudioVersion = 10.0.40219.1
Project("{FAE04EC0-301F-11D3-BF4B-00C04F79EFBC}") = "CustomerBackend", "CustomerBackend\CustomerBackend.csproj", "{6BAA7987-728F-4961-840D-BF989D6ECAF2}"
EndProject
Global
	GlobalSection(SolutionConfigurationPlatforms) = preSolution
		Debug|Any CPU = Debug|Any CPU
		Release|Any CPU = Release|Any CPU
	EndGlobalSection
	GlobalSection(ProjectConfigurationPlatforms) = postSolution
		{6BAA7987-728F-4961-840D-BF989D6ECAF2}.Debug|Any CPU.ActiveCfg = Debug|Any CPU
		{6BAA7987-728F-4961-840D-BF989D6ECAF2}.Debug|Any CPU.Build.0 = Debug|Any CPU
		{6BAA7987-728F-4961-840D-BF989D6ECAF2}.Release|Any CPU.ActiveCfg = Release|Any CPU
		{6BAA7987-728F-4961-840D-BF989D6ECAF2}.Release|Any CPU.Build.0 = Release|Any CPU
	EndGlobalSection
	GlobalSection(SolutionProperties) = preSolution
		HideSolutionNode = FALSE
	EndGlobalSection
	GlobalSection(ExtensibilityGlobals) = postSolution
		SolutionGuid = {737F6E42-B90E-4B31-B752-2E6900711672}
	EndGlobalSection
EndGlobal
