
Microsoft Visual Studio Solution File, Format Version 12.00
# Visual Studio Version 16
VisualStudioVersion = 16.0.32228.343
MinimumVisualStudioVersion = 10.0.40219.1
Project("{FAE04EC0-301F-11D3-BF4B-00C04F79EFBC}") = "database", "database\database.csproj", "{7C00FAD1-FDB7-4439-8075-7D1C28CE77A4}"
EndProject
Global
	GlobalSection(SolutionConfigurationPlatforms) = preSolution
		Debug|Any CPU = Debug|Any CPU
		Release|Any CPU = Release|Any CPU
	EndGlobalSection
	GlobalSection(ProjectConfigurationPlatforms) = postSolution
		{7C00FAD1-FDB7-4439-8075-7D1C28CE77A4}.Debug|Any CPU.ActiveCfg = Debug|Any CPU
		{7C00FAD1-FDB7-4439-8075-7D1C28CE77A4}.Debug|Any CPU.Build.0 = Debug|Any CPU
		{7C00FAD1-FDB7-4439-8075-7D1C28CE77A4}.Release|Any CPU.ActiveCfg = Release|Any CPU
		{7C00FAD1-FDB7-4439-8075-7D1C28CE77A4}.Release|Any CPU.Build.0 = Release|Any CPU
	EndGlobalSection
	GlobalSection(SolutionProperties) = preSolution
		HideSolutionNode = FALSE
	EndGlobalSection
	GlobalSection(ExtensibilityGlobals) = postSolution
		SolutionGuid = {C0A7A806-BFD4-4DF1-B8AA-B7761271BA67}
	EndGlobalSection
EndGlobal
